
Microsoft Visual Studio Solution File, Format Version 12.00
# Visual Studio Version 16
VisualStudioVersion = 16.0.31112.23
MinimumVisualStudioVersion = 10.0.40219.1
Project("{FAE04EC0-301F-11D3-BF4B-00C04F79EFBC}") = "palacepetz", "palacepetz\palacepetz.csproj", "{04F834FD-480E-4814-B054-2B1731573856}"
EndProject
Global
	GlobalSection(SolutionConfigurationPlatforms) = preSolution
		Debug|Any CPU = Debug|Any CPU
		Release|Any CPU = Release|Any CPU
	EndGlobalSection
	GlobalSection(ProjectConfigurationPlatforms) = postSolution
		{04F834FD-480E-4814-B054-2B1731573856}.Debug|Any CPU.ActiveCfg = Debug|Any CPU
		{04F834FD-480E-4814-B054-2B1731573856}.Debug|Any CPU.Build.0 = Debug|Any CPU
		{04F834FD-480E-4814-B054-2B1731573856}.Release|Any CPU.ActiveCfg = Release|Any CPU
		{04F834FD-480E-4814-B054-2B1731573856}.Release|Any CPU.Build.0 = Release|Any CPU
	EndGlobalSection
	GlobalSection(SolutionProperties) = preSolution
		HideSolutionNode = FALSE
	EndGlobalSection
	GlobalSection(ExtensibilityGlobals) = postSolution
		SolutionGuid = {6DB1E461-1694-4B80-BB0D-7DC56670F63A}
	EndGlobalSection
EndGlobal
